
Microsoft Visual Studio Solution File, Format Version 12.00
# Visual Studio 2013
VisualStudioVersion = 12.0.40629.0
MinimumVisualStudioVersion = 10.0.40219.1
Project("{FAE04EC0-301F-11D3-BF4B-00C04F79EFBC}") = "Proyecto Programacion lll", "Proyecto Programacion lll\Proyecto Programacion lll.csproj", "{0B4BCE00-A6D3-4F25-956A-1224F59DC171}"
EndProject
Global
	GlobalSection(SolutionConfigurationPlatforms) = preSolution
		Debug|Any CPU = Debug|Any CPU
		Release|Any CPU = Release|Any CPU
	EndGlobalSection
	GlobalSection(ProjectConfigurationPlatforms) = postSolution
		{0B4BCE00-A6D3-4F25-956A-1224F59DC171}.Debug|Any CPU.ActiveCfg = Debug|Any CPU
		{0B4BCE00-A6D3-4F25-956A-1224F59DC171}.Debug|Any CPU.Build.0 = Debug|Any CPU
		{0B4BCE00-A6D3-4F25-956A-1224F59DC171}.Release|Any CPU.ActiveCfg = Release|Any CPU
		{0B4BCE00-A6D3-4F25-956A-1224F59DC171}.Release|Any CPU.Build.0 = Release|Any CPU
	EndGlobalSection
	GlobalSection(SolutionProperties) = preSolution
		HideSolutionNode = FALSE
	EndGlobalSection
EndGlobal
